
Microsoft Visual Studio Solution File, Format Version 12.00
# Visual Studio Version 16
VisualStudioVersion = 16.0.31729.503
MinimumVisualStudioVersion = 10.0.40219.1
Project("{FAE04EC0-301F-11D3-BF4B-00C04F79EFBC}") = "PropertyChanged", "PropertyChanged\PropertyChanged.csproj", "{09215953-0058-4A3F-BF24-A4DF56F683F2}"
EndProject
Global
	GlobalSection(SolutionConfigurationPlatforms) = preSolution
		Debug|Any CPU = Debug|Any CPU
		Release|Any CPU = Release|Any CPU
	EndGlobalSection
	GlobalSection(ProjectConfigurationPlatforms) = postSolution
		{09215953-0058-4A3F-BF24-A4DF56F683F2}.Debug|Any CPU.ActiveCfg = Debug|Any CPU
		{09215953-0058-4A3F-BF24-A4DF56F683F2}.Debug|Any CPU.Build.0 = Debug|Any CPU
		{09215953-0058-4A3F-BF24-A4DF56F683F2}.Release|Any CPU.ActiveCfg = Release|Any CPU
		{09215953-0058-4A3F-BF24-A4DF56F683F2}.Release|Any CPU.Build.0 = Release|Any CPU
	EndGlobalSection
	GlobalSection(SolutionProperties) = preSolution
		HideSolutionNode = FALSE
	EndGlobalSection
	GlobalSection(ExtensibilityGlobals) = postSolution
		SolutionGuid = {2D1C6BAB-3151-4D9E-893F-4454E743EAA7}
	EndGlobalSection
EndGlobal
