
Microsoft Visual Studio Solution File, Format Version 12.00
# Visual Studio Version 16
VisualStudioVersion = 16.0.31729.503
MinimumVisualStudioVersion = 10.0.40219.1
Project("{FAE04EC0-301F-11D3-BF4B-00C04F79EFBC}") = "CoffeeRecreate", "CoffeeRecreate\CoffeeRecreate.csproj", "{E4567F31-0510-4CB4-A023-0F333E432531}"
EndProject
Global
	GlobalSection(SolutionConfigurationPlatforms) = preSolution
		Debug|Any CPU = Debug|Any CPU
		Release|Any CPU = Release|Any CPU
	EndGlobalSection
	GlobalSection(ProjectConfigurationPlatforms) = postSolution
		{E4567F31-0510-4CB4-A023-0F333E432531}.Debug|Any CPU.ActiveCfg = Debug|Any CPU
		{E4567F31-0510-4CB4-A023-0F333E432531}.Debug|Any CPU.Build.0 = Debug|Any CPU
		{E4567F31-0510-4CB4-A023-0F333E432531}.Release|Any CPU.ActiveCfg = Release|Any CPU
		{E4567F31-0510-4CB4-A023-0F333E432531}.Release|Any CPU.Build.0 = Release|Any CPU
	EndGlobalSection
	GlobalSection(SolutionProperties) = preSolution
		HideSolutionNode = FALSE
	EndGlobalSection
	GlobalSection(ExtensibilityGlobals) = postSolution
		SolutionGuid = {FDFA1F8C-7FC6-433C-97D3-6D6A90A862BD}
	EndGlobalSection
EndGlobal
