
Microsoft Visual Studio Solution File, Format Version 12.00
# Visual Studio Version 16
VisualStudioVersion = 16.0.31729.503
MinimumVisualStudioVersion = 10.0.40219.1
Project("{FAE04EC0-301F-11D3-BF4B-00C04F79EFBC}") = "Profiles", "Profiles\Profiles.csproj", "{B08A8FB6-A536-41A2-AF20-C8F90ED7E5A6}"
EndProject
Global
	GlobalSection(SolutionConfigurationPlatforms) = preSolution
		Debug|Any CPU = Debug|Any CPU
		Release|Any CPU = Release|Any CPU
	EndGlobalSection
	GlobalSection(ProjectConfigurationPlatforms) = postSolution
		{B08A8FB6-A536-41A2-AF20-C8F90ED7E5A6}.Debug|Any CPU.ActiveCfg = Debug|Any CPU
		{B08A8FB6-A536-41A2-AF20-C8F90ED7E5A6}.Debug|Any CPU.Build.0 = Debug|Any CPU
		{B08A8FB6-A536-41A2-AF20-C8F90ED7E5A6}.Release|Any CPU.ActiveCfg = Release|Any CPU
		{B08A8FB6-A536-41A2-AF20-C8F90ED7E5A6}.Release|Any CPU.Build.0 = Release|Any CPU
	EndGlobalSection
	GlobalSection(SolutionProperties) = preSolution
		HideSolutionNode = FALSE
	EndGlobalSection
	GlobalSection(ExtensibilityGlobals) = postSolution
		SolutionGuid = {06765ED7-CE7C-417C-8A44-90EC5053D694}
	EndGlobalSection
EndGlobal
