
Microsoft Visual Studio Solution File, Format Version 12.00
# Visual Studio Version 16
VisualStudioVersion = 16.0.31729.503
MinimumVisualStudioVersion = 10.0.40219.1
Project("{FAE04EC0-301F-11D3-BF4B-00C04F79EFBC}") = "Challenge4", "Challenge4\Challenge4.csproj", "{AC174974-316E-4AE0-AACF-C2EC4922321B}"
EndProject
Global
	GlobalSection(SolutionConfigurationPlatforms) = preSolution
		Debug|Any CPU = Debug|Any CPU
		Release|Any CPU = Release|Any CPU
	EndGlobalSection
	GlobalSection(ProjectConfigurationPlatforms) = postSolution
		{AC174974-316E-4AE0-AACF-C2EC4922321B}.Debug|Any CPU.ActiveCfg = Debug|Any CPU
		{AC174974-316E-4AE0-AACF-C2EC4922321B}.Debug|Any CPU.Build.0 = Debug|Any CPU
		{AC174974-316E-4AE0-AACF-C2EC4922321B}.Release|Any CPU.ActiveCfg = Release|Any CPU
		{AC174974-316E-4AE0-AACF-C2EC4922321B}.Release|Any CPU.Build.0 = Release|Any CPU
	EndGlobalSection
	GlobalSection(SolutionProperties) = preSolution
		HideSolutionNode = FALSE
	EndGlobalSection
	GlobalSection(ExtensibilityGlobals) = postSolution
		SolutionGuid = {56ADE558-F81B-4294-80AA-3A0817EA189E}
	EndGlobalSection
EndGlobal
